
Microsoft Visual Studio Solution File, Format Version 12.00
# Visual Studio 2013
VisualStudioVersion = 12.0.31101.0
MinimumVisualStudioVersion = 10.0.40219.1
Project("{FAE04EC0-301F-11D3-BF4B-00C04F79EFBC}") = "Twitable.EntityManager", "Twitable.EntityManager\Twitable.EntityManager.csproj", "{E5877EF0-9D5B-4944-A8EB-A1F5728F7235}"
EndProject
Project("{FAE04EC0-301F-11D3-BF4B-00C04F79EFBC}") = "Twitable.BusinessRuleEngine", "Twitable.BusinessRuleEngine\Twitable.BusinessRuleEngine.csproj", "{C91AAEB5-4E95-4CDD-A5FF-1BD8E99FD046}"
EndProject
Project("{FAE04EC0-301F-11D3-BF4B-00C04F79EFBC}") = "Twitable.Utils", "Twitable.Utils\Twitable.Utils.csproj", "{7B2D5EF9-66EF-4863-A352-9A4C8878A212}"
EndProject
Project("{FAE04EC0-301F-11D3-BF4B-00C04F79EFBC}") = "Twitable.UnitTests", "Twitable.UnitTests\Twitable.UnitTests.csproj", "{6F2E67F3-5643-49A0-931F-A2D9A8BE2020}"
EndProject
Project("{FAE04EC0-301F-11D3-BF4B-00C04F79EFBC}") = "Twitable.Repository.Interfaces", "Twitable.Repository.Interfaces\Twitable.Repository.Interfaces.csproj", "{62566032-EA07-484C-80AB-41CDF179EB58}"
EndProject
Project("{FAE04EC0-301F-11D3-BF4B-00C04F79EFBC}") = "Twitable.EntityRepository", "Twitable.EntityRepository\Twitable.EntityRepository.csproj", "{C1E41D49-E922-4758-A320-55FE252B233D}"
EndProject
Project("{FAE04EC0-301F-11D3-BF4B-00C04F79EFBC}") = "Twitable.TwitConsole", "Twitable.TwitConsole\Twitable.TwitConsole.csproj", "{5C727C65-A0B6-449B-9DD2-8BD58B807072}"
EndProject
Global
	GlobalSection(SolutionConfigurationPlatforms) = preSolution
		Debug|Any CPU = Debug|Any CPU
		Release|Any CPU = Release|Any CPU
	EndGlobalSection
	GlobalSection(ProjectConfigurationPlatforms) = postSolution
		{E5877EF0-9D5B-4944-A8EB-A1F5728F7235}.Debug|Any CPU.ActiveCfg = Debug|Any CPU
		{E5877EF0-9D5B-4944-A8EB-A1F5728F7235}.Debug|Any CPU.Build.0 = Debug|Any CPU
		{E5877EF0-9D5B-4944-A8EB-A1F5728F7235}.Release|Any CPU.ActiveCfg = Release|Any CPU
		{E5877EF0-9D5B-4944-A8EB-A1F5728F7235}.Release|Any CPU.Build.0 = Release|Any CPU
		{C91AAEB5-4E95-4CDD-A5FF-1BD8E99FD046}.Debug|Any CPU.ActiveCfg = Debug|Any CPU
		{C91AAEB5-4E95-4CDD-A5FF-1BD8E99FD046}.Debug|Any CPU.Build.0 = Debug|Any CPU
		{C91AAEB5-4E95-4CDD-A5FF-1BD8E99FD046}.Release|Any CPU.ActiveCfg = Release|Any CPU
		{C91AAEB5-4E95-4CDD-A5FF-1BD8E99FD046}.Release|Any CPU.Build.0 = Release|Any CPU
		{7B2D5EF9-66EF-4863-A352-9A4C8878A212}.Debug|Any CPU.ActiveCfg = Debug|Any CPU
		{7B2D5EF9-66EF-4863-A352-9A4C8878A212}.Debug|Any CPU.Build.0 = Debug|Any CPU
		{7B2D5EF9-66EF-4863-A352-9A4C8878A212}.Release|Any CPU.ActiveCfg = Release|Any CPU
		{7B2D5EF9-66EF-4863-A352-9A4C8878A212}.Release|Any CPU.Build.0 = Release|Any CPU
		{6F2E67F3-5643-49A0-931F-A2D9A8BE2020}.Debug|Any CPU.ActiveCfg = Debug|Any CPU
		{6F2E67F3-5643-49A0-931F-A2D9A8BE2020}.Debug|Any CPU.Build.0 = Debug|Any CPU
		{6F2E67F3-5643-49A0-931F-A2D9A8BE2020}.Release|Any CPU.ActiveCfg = Release|Any CPU
		{6F2E67F3-5643-49A0-931F-A2D9A8BE2020}.Release|Any CPU.Build.0 = Release|Any CPU
		{62566032-EA07-484C-80AB-41CDF179EB58}.Debug|Any CPU.ActiveCfg = Debug|Any CPU
		{62566032-EA07-484C-80AB-41CDF179EB58}.Debug|Any CPU.Build.0 = Debug|Any CPU
		{62566032-EA07-484C-80AB-41CDF179EB58}.Release|Any CPU.ActiveCfg = Release|Any CPU
		{62566032-EA07-484C-80AB-41CDF179EB58}.Release|Any CPU.Build.0 = Release|Any CPU
		{C1E41D49-E922-4758-A320-55FE252B233D}.Debug|Any CPU.ActiveCfg = Debug|Any CPU
		{C1E41D49-E922-4758-A320-55FE252B233D}.Debug|Any CPU.Build.0 = Debug|Any CPU
		{C1E41D49-E922-4758-A320-55FE252B233D}.Release|Any CPU.ActiveCfg = Release|Any CPU
		{C1E41D49-E922-4758-A320-55FE252B233D}.Release|Any CPU.Build.0 = Release|Any CPU
		{5C727C65-A0B6-449B-9DD2-8BD58B807072}.Debug|Any CPU.ActiveCfg = Debug|Any CPU
		{5C727C65-A0B6-449B-9DD2-8BD58B807072}.Debug|Any CPU.Build.0 = Debug|Any CPU
		{5C727C65-A0B6-449B-9DD2-8BD58B807072}.Release|Any CPU.ActiveCfg = Release|Any CPU
		{5C727C65-A0B6-449B-9DD2-8BD58B807072}.Release|Any CPU.Build.0 = Release|Any CPU
	EndGlobalSection
	GlobalSection(SolutionProperties) = preSolution
		HideSolutionNode = FALSE
	EndGlobalSection
EndGlobal
